
Microsoft Visual Studio Solution File, Format Version 12.00
# Visual Studio Version 17
VisualStudioVersion = 17.7.34024.191
MinimumVisualStudioVersion = 10.0.40219.1
Project("{FAE04EC0-301F-11D3-BF4B-00C04F79EFBC}") = "Myfirstapp", "Myfirstapp\Myfirstapp.csproj", "{C0D1BCD1-304D-438D-84D2-F77B0DE3E439}"
EndProject
Global
	GlobalSection(SolutionConfigurationPlatforms) = preSolution
		Debug|Any CPU = Debug|Any CPU
		Release|Any CPU = Release|Any CPU
	EndGlobalSection
	GlobalSection(ProjectConfigurationPlatforms) = postSolution
		{C0D1BCD1-304D-438D-84D2-F77B0DE3E439}.Debug|Any CPU.ActiveCfg = Debug|Any CPU
		{C0D1BCD1-304D-438D-84D2-F77B0DE3E439}.Debug|Any CPU.Build.0 = Debug|Any CPU
		{C0D1BCD1-304D-438D-84D2-F77B0DE3E439}.Release|Any CPU.ActiveCfg = Release|Any CPU
		{C0D1BCD1-304D-438D-84D2-F77B0DE3E439}.Release|Any CPU.Build.0 = Release|Any CPU
	EndGlobalSection
	GlobalSection(SolutionProperties) = preSolution
		HideSolutionNode = FALSE
	EndGlobalSection
	GlobalSection(ExtensibilityGlobals) = postSolution
		SolutionGuid = {E068A8E0-FB50-4C33-9306-2DDD131A98E2}
	EndGlobalSection
EndGlobal
